
Microsoft Visual Studio Solution File, Format Version 12.00
# Visual Studio Version 16
VisualStudioVersion = 16.0.29503.13
MinimumVisualStudioVersion = 10.0.40219.1
Project("{FAE04EC0-301F-11D3-BF4B-00C04F79EFBC}") = "SecretsTest", "SecretsTest\SecretsTest.csproj", "{9510F9CA-E356-4664-8C07-055AAD88B162}"
EndProject
Global
	GlobalSection(SolutionConfigurationPlatforms) = preSolution
		Debug|Any CPU = Debug|Any CPU
		Release|Any CPU = Release|Any CPU
	EndGlobalSection
	GlobalSection(ProjectConfigurationPlatforms) = postSolution
		{9510F9CA-E356-4664-8C07-055AAD88B162}.Debug|Any CPU.ActiveCfg = Debug|Any CPU
		{9510F9CA-E356-4664-8C07-055AAD88B162}.Debug|Any CPU.Build.0 = Debug|Any CPU
		{9510F9CA-E356-4664-8C07-055AAD88B162}.Release|Any CPU.ActiveCfg = Release|Any CPU
		{9510F9CA-E356-4664-8C07-055AAD88B162}.Release|Any CPU.Build.0 = Release|Any CPU
	EndGlobalSection
	GlobalSection(SolutionProperties) = preSolution
		HideSolutionNode = FALSE
	EndGlobalSection
	GlobalSection(ExtensibilityGlobals) = postSolution
		SolutionGuid = {E22DE1F1-DD1B-47E9-AE41-427892D813E2}
	EndGlobalSection
EndGlobal
